<?xml version="1.0" encoding="utf-8"?>
<Project ToolsVersion="4.0" xmlns="http://schemas.microsoft.com/developer/msbuild/2003">
  <ItemGroup>
    <Filter Include="Source Files">
      <UniqueIdentifier>{4FC737F1-C7A5-4376-A066-2A32D752A2FF}</UniqueIdentifier>
      <Extensions>cpp;c;cc;cxx;c++;cppm;ixx;def;odl;idl;hpj;bat;asm;asmx</Extensions>
    </Filter>
    <Filter Include="Header Files">
      <UniqueIdentifier>{93995380-89BD-4b04-88EB-625FBE52EBFB}</UniqueIdentifier>
      <Extensions>h;hh;hpp;hxx;h++;hm;inl;inc;ipp;xsd</Extensions>
    </Filter>
    <Filter Include="Resource Files">
      <UniqueIdentifier>{67DA6AB6-F800-4c08-8B7A-83BB121AAD01}</UniqueIdentifier>
      <Extensions>rc;ico;cur;bmp;dlg;rc2;rct;bin;rgs;gif;jpg;jpeg;jpe;resx;tiff;tif;png;wav;mfcribbon-ms</Extensions>
    </Filter>
    <Filter Include="Compiler Files">
      <UniqueIdentifier>{13c9fc6a-499c-4406-bc50-8f58e5259971}</UniqueIdentifier>
    </Filter>
    <Filter Include="Generated Files">
      <UniqueIdentifier>{e515fcaf-7b35-4067-aa0d-890af52bc8f1}</UniqueIdentifier>
    </Filter>
    <Filter Include="Test Files">
      <UniqueIdentifier>{acafed29-5795-43e8-ae99-ad8efb530927}</UniqueIdentifier>
    </Filter>
    <Filter Include="Header Files\Parse Tree">
      <UniqueIdentifier>{2e1c19fa-974d-4a44-8350-80615f36e8cb}</UniqueIdentifier>
    </Filter>
    <Filter Include="Source Files\Parse Tree">
      <UniqueIdentifier>{ea9ba001-42e1-4cb7-b85e-7dc47e66edd0}</UniqueIdentifier>
    </Filter>
    <Filter Include="Header Files\Exceptions">
      <UniqueIdentifier>{f57ee046-10d8-408f-a99c-87b929d7b703}</UniqueIdentifier>
    </Filter>
    <Filter Include="Source Files\Exceptions">
      <UniqueIdentifier>{63e33b58-9235-47ae-a446-e3adeb74d53f}</UniqueIdentifier>
    </Filter>
    <Filter Include="Header Files\Parse Tree\Literals">
      <UniqueIdentifier>{d9b7bb2b-c6ab-46e8-b503-bcc0830d530d}</UniqueIdentifier>
    </Filter>
    <Filter Include="Header Files\Parse Tree\Statements">
      <UniqueIdentifier>{f6babb8a-280a-4ee3-83e0-b85fa62ef9cd}</UniqueIdentifier>
    </Filter>
    <Filter Include="Header Files\Parse Tree\Expressions">
      <UniqueIdentifier>{a85dc6f7-9778-49d4-8c3a-d8d8e34ba3b0}</UniqueIdentifier>
    </Filter>
    <Filter Include="Header Files\Parse Tree\Operations">
      <UniqueIdentifier>{657da0cb-d3c5-4a15-9569-164eff61e44d}</UniqueIdentifier>
    </Filter>
    <Filter Include="Source Files\Parse Tree\Literals">
      <UniqueIdentifier>{caf31003-7109-4b9d-85db-671849707bff}</UniqueIdentifier>
    </Filter>
    <Filter Include="Source Files\Parse Tree\Expressions">
      <UniqueIdentifier>{055b407c-1021-4e78-b3f7-af46ea985b65}</UniqueIdentifier>
    </Filter>
    <Filter Include="Source Files\Parse Tree\Operations">
      <UniqueIdentifier>{c6dd23f1-3053-455a-8e73-6fa91cd70dd9}</UniqueIdentifier>
    </Filter>
    <Filter Include="Source Files\Parse Tree\Statements">
      <UniqueIdentifier>{00de4398-37ea-4d7d-a986-e35b666e724d}</UniqueIdentifier>
    </Filter>
    <Filter Include="Header Files\Parse Tree\Operations\unary">
      <UniqueIdentifier>{3db38ed9-a822-48f2-8f0c-80f943bd3b73}</UniqueIdentifier>
    </Filter>
    <Filter Include="Header Files\Parse Tree\Operations\binary">
      <UniqueIdentifier>{bbb1318f-4b89-4f50-8e2b-a5e61cdf09c3}</UniqueIdentifier>
    </Filter>
    <Filter Include="Source Files\Parse Tree\Operations\unary">
      <UniqueIdentifier>{025348ea-c939-4ec7-a16f-4fe1e9522ae5}</UniqueIdentifier>
    </Filter>
    <Filter Include="Source Files\Parse Tree\Operations\binary">
      <UniqueIdentifier>{f5849ae7-4de2-4f6f-a27d-5b2d8a38b26d}</UniqueIdentifier>
    </Filter>
    <Filter Include="Header Files\Parse Tree\Operations\assignment">
      <UniqueIdentifier>{28c19115-9a6a-43f0-a1c6-4e5eb25e48e2}</UniqueIdentifier>
    </Filter>
    <Filter Include="Source Files\Parse Tree\Operations\assignment">
      <UniqueIdentifier>{2e4290e7-8e47-4cfb-89f5-4561cddcaa50}</UniqueIdentifier>
    </Filter>
  </ItemGroup>
  <ItemGroup>
    <CustomBuild Include="lexer.l">
      <Filter>Compiler Files</Filter>
    </CustomBuild>
    <CustomBuild Include="parser.y">
      <Filter>Compiler Files</Filter>
    </CustomBuild>
  </ItemGroup>
  <ItemGroup>
    <ClInclude Include="lexer.h">
      <Filter>Header Files</Filter>
    </ClInclude>
    <ClInclude Include="parser.h">
      <Filter>Generated Files</Filter>
    </ClInclude>
    <ClInclude Include="CompileTask.h">
      <Filter>Header Files</Filter>
    </ClInclude>
    <ClInclude Include="InvalidCommandLineArguments.h">
      <Filter>Header Files\Exceptions</Filter>
    </ClInclude>
    <ClInclude Include="InvalidNumberOfOperands.h">
      <Filter>Header Files\Exceptions</Filter>
    </ClInclude>
    <ClInclude Include="InvalidOperandType.h">
      <Filter>Header Files\Exceptions</Filter>
    </ClInclude>
    <ClInclude Include="InvalidAmountOfOperands.h">
      <Filter>Header Files\Exceptions</Filter>
    </ClInclude>
    <ClInclude Include="BooleanLiteral.h">
      <Filter>Header Files\Parse Tree\Literals</Filter>
    </ClInclude>
    <ClInclude Include="IntegerLiteral.h">
      <Filter>Header Files\Parse Tree\Literals</Filter>
    </ClInclude>
    <ClInclude Include="Literal.h">
      <Filter>Header Files\Parse Tree\Literals</Filter>
    </ClInclude>
    <ClInclude Include="IdentifierExpression.h">
      <Filter>Header Files\Parse Tree\Expressions</Filter>
    </ClInclude>
    <ClInclude Include="Expression.h">
      <Filter>Header Files\Parse Tree\Expressions</Filter>
    </ClInclude>
    <ClInclude Include="LiteralExpression.h">
      <Filter>Header Files\Parse Tree\Expressions</Filter>
    </ClInclude>
    <ClInclude Include="OperationExpression.h">
      <Filter>Header Files\Parse Tree\Expressions</Filter>
    </ClInclude>
    <ClInclude Include="UnaryOperationExpression.h">
      <Filter>Header Files\Parse Tree\Expressions</Filter>
    </ClInclude>
    <ClInclude Include="CompoundStatement.h">
      <Filter>Header Files\Parse Tree\Statements</Filter>
    </ClInclude>
    <ClInclude Include="ExpressionStatement.h">
      <Filter>Header Files\Parse Tree\Statements</Filter>
    </ClInclude>
    <ClInclude Include="Statement.h">
      <Filter>Header Files\Parse Tree\Statements</Filter>
    </ClInclude>
    <ClInclude Include="ProgramStack.h">
      <Filter>Header Files</Filter>
    </ClInclude>
    <ClInclude Include="StackItem.h">
      <Filter>Header Files</Filter>
    </ClInclude>
    <ClInclude Include="FunctionTable.h">
      <Filter>Header Files</Filter>
    </ClInclude>
    <ClInclude Include="StackAndTable.h">
      <Filter>Header Files</Filter>
    </ClInclude>
    <ClInclude Include="IdentifierNotDefined.h">
      <Filter>Header Files\Exceptions</Filter>
    </ClInclude>
    <ClInclude Include="AssignmentExpression.h">
      <Filter>Header Files\Parse Tree\Expressions</Filter>
    </ClInclude>
    <ClInclude Include="UnaryBooleanNegationExpression.h">
      <Filter>Header Files\Parse Tree\Expressions</Filter>
    </ClInclude>
    <ClInclude Include="UnaryNumericNegationExpression.h">
      <Filter>Header Files\Parse Tree\Expressions</Filter>
    </ClInclude>
    <ClInclude Include="BinOpExpression.h">
      <Filter>Header Files\Parse Tree\Expressions</Filter>
    </ClInclude>
    <ClInclude Include="Add.h">
      <Filter>Header Files\Parse Tree\Operations\binary</Filter>
    </ClInclude>
    <ClInclude Include="And.h">
      <Filter>Header Files\Parse Tree\Operations\binary</Filter>
    </ClInclude>
    <ClInclude Include="BinOp.h">
      <Filter>Header Files\Parse Tree\Operations\binary</Filter>
    </ClInclude>
    <ClInclude Include="Div.h">
      <Filter>Header Files\Parse Tree\Operations\binary</Filter>
    </ClInclude>
    <ClInclude Include="Equal.h">
      <Filter>Header Files\Parse Tree\Operations\binary</Filter>
    </ClInclude>
    <ClInclude Include="GreaterOrEqual.h">
      <Filter>Header Files\Parse Tree\Operations\binary</Filter>
    </ClInclude>
    <ClInclude Include="GreaterThan.h">
      <Filter>Header Files\Parse Tree\Operations\binary</Filter>
    </ClInclude>
    <ClInclude Include="LessOrEqual.h">
      <Filter>Header Files\Parse Tree\Operations\binary</Filter>
    </ClInclude>
    <ClInclude Include="LessThan.h">
      <Filter>Header Files\Parse Tree\Operations\binary</Filter>
    </ClInclude>
    <ClInclude Include="Mul.h">
      <Filter>Header Files\Parse Tree\Operations\binary</Filter>
    </ClInclude>
    <ClInclude Include="NotEqual.h">
      <Filter>Header Files\Parse Tree\Operations\binary</Filter>
    </ClInclude>
    <ClInclude Include="Or.h">
      <Filter>Header Files\Parse Tree\Operations\binary</Filter>
    </ClInclude>
    <ClInclude Include="Sub.h">
      <Filter>Header Files\Parse Tree\Operations\binary</Filter>
    </ClInclude>
    <ClInclude Include="UnaryBooleanNegation.h">
      <Filter>Header Files\Parse Tree\Operations\unary</Filter>
    </ClInclude>
    <ClInclude Include="UnaryNumericNegation.h">
      <Filter>Header Files\Parse Tree\Operations\unary</Filter>
    </ClInclude>
    <ClInclude Include="UnaryOperation.h">
      <Filter>Header Files\Parse Tree\Operations\unary</Filter>
    </ClInclude>
    <ClInclude Include="ArgParser.h">
      <Filter>Header Files</Filter>
    </ClInclude>
    <ClInclude Include="Program.h">
      <Filter>Header Files</Filter>
    </ClInclude>
    <ClInclude Include="DivideByZeroException.h">
      <Filter>Header Files</Filter>
    </ClInclude>
    <ClInclude Include="AssignOp.h">
      <Filter>Header Files\Parse Tree\Operations\assignment</Filter>
    </ClInclude>
    <ClInclude Include="AssignTimes.h">
      <Filter>Header Files\Parse Tree\Operations\assignment</Filter>
    </ClInclude>
    <ClInclude Include="AssignAnd.h">
      <Filter>Header Files\Parse Tree\Operations\assignment</Filter>
    </ClInclude>
    <ClInclude Include="AssignDivide.h">
      <Filter>Header Files\Parse Tree\Operations\assignment</Filter>
    </ClInclude>
    <ClInclude Include="AssignMinus.h">
      <Filter>Header Files\Parse Tree\Operations\assignment</Filter>
    </ClInclude>
    <ClInclude Include="AssignOr.h">
      <Filter>Header Files\Parse Tree\Operations\assignment</Filter>
    </ClInclude>
    <ClInclude Include="AssignPlus.h">
      <Filter>Header Files\Parse Tree\Operations\assignment</Filter>
    </ClInclude>
    <ClInclude Include="IfStatement.h">
      <Filter>Header Files\Parse Tree\Statements</Filter>
    </ClInclude>
    <ClInclude Include="ConditionExpression.h">
      <Filter>Header Files\Parse Tree\Expressions</Filter>
    </ClInclude>
    <ClInclude Include="ElseIfStatementList.h">
      <Filter>Header Files\Parse Tree\Statements</Filter>
    </ClInclude>
    <ClInclude Include="WhileStatement.h">
      <Filter>Header Files\Parse Tree\Statements</Filter>
    </ClInclude>
  </ItemGroup>
  <ItemGroup>
    <ClCompile Include="lexer.cpp">
      <Filter>Generated Files</Filter>
    </ClCompile>
    <ClCompile Include="main.cpp">
      <Filter>Source Files</Filter>
    </ClCompile>
    <ClCompile Include="parser.cpp">
      <Filter>Generated Files</Filter>
    </ClCompile>
    <ClCompile Include="ArgParser.cpp">
      <Filter>Source Files</Filter>
    </ClCompile>
    <ClCompile Include="CompileTask.cpp">
      <Filter>Source Files</Filter>
    </ClCompile>
    <ClCompile Include="InvalidCommandLineArguments.cpp">
      <Filter>Source Files\Exceptions</Filter>
    </ClCompile>
    <ClCompile Include="InvalidNumberOfOperands.cpp">
      <Filter>Source Files\Exceptions</Filter>
    </ClCompile>
    <ClCompile Include="InvalidOperandType.cpp">
      <Filter>Source Files\Exceptions</Filter>
    </ClCompile>
    <ClCompile Include="InvalidAmountOfOperands.cpp">
      <Filter>Source Files\Exceptions</Filter>
    </ClCompile>
    <ClCompile Include="BooleanLiteral.cpp">
      <Filter>Source Files\Parse Tree\Literals</Filter>
    </ClCompile>
    <ClCompile Include="IntegerLiteral.cpp">
      <Filter>Source Files\Parse Tree\Literals</Filter>
    </ClCompile>
    <ClCompile Include="Literal.cpp">
      <Filter>Source Files\Parse Tree\Literals</Filter>
    </ClCompile>
    <ClCompile Include="Expression.cpp">
      <Filter>Source Files\Parse Tree\Expressions</Filter>
    </ClCompile>
    <ClCompile Include="IdentifierExpression.cpp">
      <Filter>Source Files\Parse Tree\Expressions</Filter>
    </ClCompile>
    <ClCompile Include="LiteralExpression.cpp">
      <Filter>Source Files\Parse Tree\Expressions</Filter>
    </ClCompile>
    <ClCompile Include="OperationExpression.cpp">
      <Filter>Source Files\Parse Tree\Expressions</Filter>
    </ClCompile>
    <ClCompile Include="UnaryOperationExpression.cpp">
      <Filter>Source Files\Parse Tree\Expressions</Filter>
    </ClCompile>
    <ClCompile Include="CompoundStatement.cpp">
      <Filter>Source Files\Parse Tree\Statements</Filter>
    </ClCompile>
    <ClCompile Include="ExpressionStatement.cpp">
      <Filter>Source Files\Parse Tree\Statements</Filter>
    </ClCompile>
    <ClCompile Include="Statement.cpp">
      <Filter>Source Files\Parse Tree\Statements</Filter>
    </ClCompile>
    <ClCompile Include="StackItem.cpp">
      <Filter>Source Files</Filter>
    </ClCompile>
    <ClCompile Include="ProgramStack.cpp">
      <Filter>Source Files</Filter>
    </ClCompile>
    <ClCompile Include="FunctionTable.cpp">
      <Filter>Source Files</Filter>
    </ClCompile>
    <ClCompile Include="IdentifierNotDefined.cpp">
      <Filter>Source Files\Exceptions</Filter>
    </ClCompile>
    <ClCompile Include="AssignmentExpression.cpp">
      <Filter>Source Files\Parse Tree\Expressions</Filter>
    </ClCompile>
    <ClCompile Include="UnaryNumericNegationExpression.cpp">
      <Filter>Source Files\Parse Tree\Expressions</Filter>
    </ClCompile>
    <ClCompile Include="UnaryBooleanNegationExpression.cpp">
      <Filter>Source Files\Parse Tree\Expressions</Filter>
    </ClCompile>
    <ClCompile Include="BinOpExpression.cpp">
      <Filter>Source Files\Parse Tree\Expressions</Filter>
    </ClCompile>
    <ClCompile Include="UnaryBooleanNegation.cpp">
      <Filter>Source Files\Parse Tree\Operations\unary</Filter>
    </ClCompile>
    <ClCompile Include="UnaryNumericNegation.cpp">
      <Filter>Source Files\Parse Tree\Operations\unary</Filter>
    </ClCompile>
    <ClCompile Include="UnaryOperation.cpp">
      <Filter>Source Files\Parse Tree\Operations\unary</Filter>
    </ClCompile>
    <ClCompile Include="Add.cpp">
      <Filter>Source Files\Parse Tree\Operations\binary</Filter>
    </ClCompile>
    <ClCompile Include="And.cpp">
      <Filter>Source Files\Parse Tree\Operations\binary</Filter>
    </ClCompile>
    <ClCompile Include="BinOp.cpp">
      <Filter>Source Files\Parse Tree\Operations\binary</Filter>
    </ClCompile>
    <ClCompile Include="Div.cpp">
      <Filter>Source Files\Parse Tree\Operations\binary</Filter>
    </ClCompile>
    <ClCompile Include="Equal.cpp">
      <Filter>Source Files\Parse Tree\Operations\binary</Filter>
    </ClCompile>
    <ClCompile Include="GreaterOrEqual.cpp">
      <Filter>Source Files\Parse Tree\Operations\binary</Filter>
    </ClCompile>
    <ClCompile Include="GreaterThan.cpp">
      <Filter>Source Files\Parse Tree\Operations\binary</Filter>
    </ClCompile>
    <ClCompile Include="LessOrEqual.cpp">
      <Filter>Source Files\Parse Tree\Operations\binary</Filter>
    </ClCompile>
    <ClCompile Include="LessThan.cpp">
      <Filter>Source Files\Parse Tree\Operations\binary</Filter>
    </ClCompile>
    <ClCompile Include="Mul.cpp">
      <Filter>Source Files\Parse Tree\Operations\binary</Filter>
    </ClCompile>
    <ClCompile Include="NotEqual.cpp">
      <Filter>Source Files\Parse Tree\Operations\binary</Filter>
    </ClCompile>
    <ClCompile Include="Or.cpp">
      <Filter>Source Files\Parse Tree\Operations\binary</Filter>
    </ClCompile>
    <ClCompile Include="Sub.cpp">
      <Filter>Source Files\Parse Tree\Operations\binary</Filter>
    </ClCompile>
    <ClCompile Include="Program.cpp">
      <Filter>Source Files</Filter>
    </ClCompile>
    <ClCompile Include="DivideByZeroException.cpp">
      <Filter>Source Files</Filter>
    </ClCompile>
    <ClCompile Include="AssignOp.cpp">
      <Filter>Source Files\Parse Tree\Operations\assignment</Filter>
    </ClCompile>
    <ClCompile Include="AssignTimes.cpp">
      <Filter>Source Files\Parse Tree\Operations\assignment</Filter>
    </ClCompile>
    <ClCompile Include="AssignAnd.cpp">
      <Filter>Source Files\Parse Tree\Operations\assignment</Filter>
    </ClCompile>
    <ClCompile Include="AssignDivide.cpp">
      <Filter>Source Files\Parse Tree\Operations\assignment</Filter>
    </ClCompile>
    <ClCompile Include="AssignMinus.cpp">
      <Filter>Source Files\Parse Tree\Operations\assignment</Filter>
    </ClCompile>
    <ClCompile Include="AssignOr.cpp">
      <Filter>Source Files\Parse Tree\Operations\assignment</Filter>
    </ClCompile>
    <ClCompile Include="AssignPlus.cpp">
      <Filter>Source Files\Parse Tree\Operations\assignment</Filter>
    </ClCompile>
    <ClCompile Include="IfStatement.cpp">
      <Filter>Source Files\Parse Tree\Statements</Filter>
    </ClCompile>
    <ClCompile Include="ConditionExpression.cpp">
      <Filter>Source Files\Parse Tree\Expressions</Filter>
    </ClCompile>
    <ClCompile Include="ElseIfStatementList.cpp">
      <Filter>Source Files\Parse Tree\Statements</Filter>
    </ClCompile>
    <ClCompile Include="WhileStatement.cpp">
      <Filter>Source Files\Parse Tree\Statements</Filter>
    </ClCompile>
  </ItemGroup>
  <ItemGroup>
    <None Include="parser_test\parseme_test1.err">
      <Filter>Test Files</Filter>
    </None>
    <None Include="parser_test\parseme_test1.rb">
      <Filter>Test Files</Filter>
    </None>
    <None Include="parser_test\parseme_test2.err">
      <Filter>Test Files</Filter>
    </None>
    <None Include="parser_test\parseme_test2.rb">
      <Filter>Test Files</Filter>
    </None>
    <None Include="parser_test\parseme_test3.err">
      <Filter>Test Files</Filter>
    </None>
    <None Include="parser_test\parseme_test3.rb">
      <Filter>Test Files</Filter>
    </None>
    <None Include="parser_test\README">
      <Filter>Test Files</Filter>
    </None>
    <None Include="parser_test\test.rb">
      <Filter>Test Files</Filter>
    </None>
  </ItemGroup>
</Project>