<?xml version="1.0" encoding="utf-8"?>
<Project ToolsVersion="4.0" xmlns="http://schemas.microsoft.com/developer/msbuild/2003">
  <ItemGroup>
    <Filter Include="Source Files">
      <UniqueIdentifier>{4FC737F1-C7A5-4376-A066-2A32D752A2FF}</UniqueIdentifier>
      <Extensions>cpp;c;cc;cxx;c++;cppm;ixx;def;odl;idl;hpj;bat;asm;asmx</Extensions>
    </Filter>
    <Filter Include="Header Files">
      <UniqueIdentifier>{93995380-89BD-4b04-88EB-625FBE52EBFB}</UniqueIdentifier>
      <Extensions>h;hh;hpp;hxx;h++;hm;inl;inc;ipp;xsd</Extensions>
    </Filter>
    <Filter Include="Resource Files">
      <UniqueIdentifier>{67DA6AB6-F800-4c08-8B7A-83BB121AAD01}</UniqueIdentifier>
      <Extensions>rc;ico;cur;bmp;dlg;rc2;rct;bin;rgs;gif;jpg;jpeg;jpe;resx;tiff;tif;png;wav;mfcribbon-ms</Extensions>
    </Filter>
    <Filter Include="Compiler Files">
      <UniqueIdentifier>{13c9fc6a-499c-4406-bc50-8f58e5259971}</UniqueIdentifier>
    </Filter>
    <Filter Include="Generated Files">
      <UniqueIdentifier>{e515fcaf-7b35-4067-aa0d-890af52bc8f1}</UniqueIdentifier>
    </Filter>
    <Filter Include="Test Files">
      <UniqueIdentifier>{acafed29-5795-43e8-ae99-ad8efb530927}</UniqueIdentifier>
    </Filter>
    <Filter Include="Header Files\Parse Tree">
      <UniqueIdentifier>{2e1c19fa-974d-4a44-8350-80615f36e8cb}</UniqueIdentifier>
    </Filter>
    <Filter Include="Source Files\Parse Tree">
      <UniqueIdentifier>{ea9ba001-42e1-4cb7-b85e-7dc47e66edd0}</UniqueIdentifier>
    </Filter>
    <Filter Include="Header Files\Exceptions">
      <UniqueIdentifier>{f57ee046-10d8-408f-a99c-87b929d7b703}</UniqueIdentifier>
    </Filter>
    <Filter Include="Source Files\Exceptions">
      <UniqueIdentifier>{63e33b58-9235-47ae-a446-e3adeb74d53f}</UniqueIdentifier>
    </Filter>
  </ItemGroup>
  <ItemGroup>
    <CustomBuild Include="lexer.l">
      <Filter>Compiler Files</Filter>
    </CustomBuild>
    <CustomBuild Include="parser.y">
      <Filter>Compiler Files</Filter>
    </CustomBuild>
  </ItemGroup>
  <ItemGroup>
    <ClInclude Include="lexer.h">
      <Filter>Header Files</Filter>
    </ClInclude>
    <ClInclude Include="parser.h">
      <Filter>Generated Files</Filter>
    </ClInclude>
    <ClInclude Include="ArgParser.h">
      <Filter>Header Files</Filter>
    </ClInclude>
    <ClInclude Include="CompileTask.h">
      <Filter>Header Files</Filter>
    </ClInclude>
    <ClInclude Include="UnaryOperation.h">
      <Filter>Header Files\Parse Tree</Filter>
    </ClInclude>
    <ClInclude Include="Operation.h">
      <Filter>Header Files\Parse Tree</Filter>
    </ClInclude>
    <ClInclude Include="UnaryNumericNegation.h">
      <Filter>Header Files\Parse Tree</Filter>
    </ClInclude>
    <ClInclude Include="Literal.h">
      <Filter>Header Files\Parse Tree</Filter>
    </ClInclude>
    <ClInclude Include="Expression.h">
      <Filter>Header Files\Parse Tree</Filter>
    </ClInclude>
    <ClInclude Include="LiteralExpression.h">
      <Filter>Header Files\Parse Tree</Filter>
    </ClInclude>
    <ClInclude Include="UnaryBooleanNegation.h">
      <Filter>Header Files\Parse Tree</Filter>
    </ClInclude>
    <ClInclude Include="OperationExpression.h">
      <Filter>Header Files\Parse Tree</Filter>
    </ClInclude>
    <ClInclude Include="InvalidCommandLineArguments.h">
      <Filter>Header Files\Exceptions</Filter>
    </ClInclude>
    <ClInclude Include="InvalidNumberOfOperands.h">
      <Filter>Header Files\Exceptions</Filter>
    </ClInclude>
    <ClInclude Include="Statement.h">
      <Filter>Header Files\Parse Tree</Filter>
    </ClInclude>
    <ClInclude Include="CompoundStatement.h">
      <Filter>Header Files\Parse Tree</Filter>
    </ClInclude>
    <ClInclude Include="ExpressionStatement.h">
      <Filter>Header Files\Parse Tree</Filter>
    </ClInclude>
    <ClInclude Include="BooleanLiteral.h">
      <Filter>Header Files\Parse Tree</Filter>
    </ClInclude>
    <ClInclude Include="IntegerLiteral.h">
      <Filter>Header Files\Parse Tree</Filter>
    </ClInclude>
    <ClInclude Include="UnaryNumericNegationExpression.h">
      <Filter>Header Files\Parse Tree</Filter>
    </ClInclude>
    <ClInclude Include="UnaryBooleanNegationExpression.h">
      <Filter>Header Files\Parse Tree</Filter>
    </ClInclude>
    <ClInclude Include="UnaryOperationExpression.h">
      <Filter>Header Files\Parse Tree</Filter>
    </ClInclude>
    <ClInclude Include="InvalidOperandType.h">
      <Filter>Header Files\Exceptions</Filter>
    </ClInclude>
    <ClInclude Include="InvalidAmountOfOperands.h">
      <Filter>Header Files\Exceptions</Filter>
    </ClInclude>
  </ItemGroup>
  <ItemGroup>
    <ClCompile Include="lexer.cpp">
      <Filter>Generated Files</Filter>
    </ClCompile>
    <ClCompile Include="main.cpp">
      <Filter>Source Files</Filter>
    </ClCompile>
    <ClCompile Include="parser.cpp">
      <Filter>Generated Files</Filter>
    </ClCompile>
    <ClCompile Include="ArgParser.cpp">
      <Filter>Source Files</Filter>
    </ClCompile>
    <ClCompile Include="CompileTask.cpp">
      <Filter>Source Files</Filter>
    </ClCompile>
    <ClCompile Include="UnaryOperation.cpp">
      <Filter>Source Files\Parse Tree</Filter>
    </ClCompile>
    <ClCompile Include="UnaryNumericNegation.cpp">
      <Filter>Source Files\Parse Tree</Filter>
    </ClCompile>
    <ClCompile Include="Literal.cpp">
      <Filter>Source Files\Parse Tree</Filter>
    </ClCompile>
    <ClCompile Include="LiteralExpression.cpp">
      <Filter>Source Files\Parse Tree</Filter>
    </ClCompile>
    <ClCompile Include="UnaryBooleanNegation.cpp">
      <Filter>Source Files\Parse Tree</Filter>
    </ClCompile>
    <ClCompile Include="OperationExpression.cpp">
      <Filter>Source Files\Parse Tree</Filter>
    </ClCompile>
    <ClCompile Include="InvalidCommandLineArguments.cpp">
      <Filter>Source Files\Exceptions</Filter>
    </ClCompile>
    <ClCompile Include="InvalidNumberOfOperands.cpp">
      <Filter>Source Files\Exceptions</Filter>
    </ClCompile>
    <ClCompile Include="Expression.cpp">
      <Filter>Source Files\Parse Tree</Filter>
    </ClCompile>
    <ClCompile Include="Statement.cpp">
      <Filter>Source Files\Parse Tree</Filter>
    </ClCompile>
    <ClCompile Include="CompoundStatement.cpp">
      <Filter>Source Files\Parse Tree</Filter>
    </ClCompile>
    <ClCompile Include="ExpressionStatement.cpp">
      <Filter>Source Files\Parse Tree</Filter>
    </ClCompile>
    <ClCompile Include="IntegerLiteral.cpp">
      <Filter>Source Files\Parse Tree</Filter>
    </ClCompile>
    <ClCompile Include="BooleanLiteral.cpp">
      <Filter>Source Files\Parse Tree</Filter>
    </ClCompile>
    <ClCompile Include="UnaryNumericNegationExpression.cpp">
      <Filter>Source Files\Parse Tree</Filter>
    </ClCompile>
    <ClCompile Include="UnaryBooleanNegationExpression.cpp">
      <Filter>Source Files\Parse Tree</Filter>
    </ClCompile>
    <ClCompile Include="UnaryOperationExpression.cpp">
      <Filter>Source Files\Parse Tree</Filter>
    </ClCompile>
    <ClCompile Include="InvalidOperandType.cpp">
      <Filter>Source Files\Exceptions</Filter>
    </ClCompile>
    <ClCompile Include="InvalidAmountOfOperands.cpp">
      <Filter>Source Files\Exceptions</Filter>
    </ClCompile>
  </ItemGroup>
  <ItemGroup>
    <None Include="parser_test\parseme_test1.err">
      <Filter>Test Files</Filter>
    </None>
    <None Include="parser_test\parseme_test1.rb">
      <Filter>Test Files</Filter>
    </None>
    <None Include="parser_test\parseme_test2.err">
      <Filter>Test Files</Filter>
    </None>
    <None Include="parser_test\parseme_test2.rb">
      <Filter>Test Files</Filter>
    </None>
    <None Include="parser_test\parseme_test3.err">
      <Filter>Test Files</Filter>
    </None>
    <None Include="parser_test\parseme_test3.rb">
      <Filter>Test Files</Filter>
    </None>
    <None Include="parser_test\README">
      <Filter>Test Files</Filter>
    </None>
  </ItemGroup>
</Project>